
Microsoft Visual Studio Solution File, Format Version 12.00
# Visual Studio 15
VisualStudioVersion = 15.0.28307.572
MinimumVisualStudioVersion = 10.0.40219.1
Project("{FAE04EC0-301F-11D3-BF4B-00C04F79EFBC}") = "OddsMasterWpfClient", "WpfClient\OddsMasterWpfClient.csproj", "{B88BE053-9EA8-4392-B7E5-39665E5F3317}"
EndProject
Global
	GlobalSection(SolutionConfigurationPlatforms) = preSolution
		Debug|Any CPU = Debug|Any CPU
		Release|Any CPU = Release|Any CPU
	EndGlobalSection
	GlobalSection(ProjectConfigurationPlatforms) = postSolution
		{B88BE053-9EA8-4392-B7E5-39665E5F3317}.Debug|Any CPU.ActiveCfg = Debug|Any CPU
		{B88BE053-9EA8-4392-B7E5-39665E5F3317}.Debug|Any CPU.Build.0 = Debug|Any CPU
		{B88BE053-9EA8-4392-B7E5-39665E5F3317}.Release|Any CPU.ActiveCfg = Release|Any CPU
		{B88BE053-9EA8-4392-B7E5-39665E5F3317}.Release|Any CPU.Build.0 = Release|Any CPU
	EndGlobalSection
	GlobalSection(SolutionProperties) = preSolution
		HideSolutionNode = FALSE
	EndGlobalSection
	GlobalSection(ExtensibilityGlobals) = postSolution
		SolutionGuid = {CE5184D9-C7B4-44D2-A833-CADA9E26CE59}
	EndGlobalSection
EndGlobal
